// !$*UTF8*$!
{
	archiveVersion = 1;
	classes = {
	};
	objectVersion = 46;
	objects = {

/* Begin PBXBuildFile section */
		4A56A6C51CFBC965003B39DA /* main.m in Sources */ = {isa = PBXBuildFile; fileRef = 4A56A6C41CFBC965003B39DA /* main.m */; };
		4A56A6C81CFBC965003B39DA /* AppDelegate.m in Sources */ = {isa = PBXBuildFile; fileRef = 4A56A6C71CFBC965003B39DA /* AppDelegate.m */; };
		4A56A6CB1CFBC965003B39DA /* ViewController.m in Sources */ = {isa = PBXBuildFile; fileRef = 4A56A6CA1CFBC965003B39DA /* ViewController.m */; };
		4A56A6CE1CFBC965003B39DA /* Main.storyboard in Resources */ = {isa = PBXBuildFile; fileRef = 4A56A6CC1CFBC965003B39DA /* Main.storyboard */; };
		4A56A6D01CFBC965003B39DA /* Assets.xcassets in Resources */ = {isa = PBXBuildFile; fileRef = 4A56A6CF1CFBC965003B39DA /* Assets.xcassets */; };
		4A56A6D31CFBC965003B39DA /* LaunchScreen.storyboard in Resources */ = {isa = PBXBuildFile; fileRef = 4A56A6D11CFBC965003B39DA /* LaunchScreen.storyboard */; };
/* End PBXBuildFile section */

/* Begin PBXFileReference section */
		4A56A6C01CFBC965003B39DA /* GitHub.app */ = {isa = PBXFileReference; explicitFileType = wrapper.application; includeInIndex = 0; path = GitHub.app; sourceTree = BUILT_PRODUCTS_DIR; };
		4A56A6C41CFBC965003B39DA /* main.m */ = {isa = PBXFileReference; lastKnownFileType = sourcecode.c.objc; path = main.m; sourceTree = "<group>"; };
		4A56A6C61CFBC965003B39DA /* AppDelegate.h */ = {isa = PBXFileReference; lastKnownFileType = sourcecode.c.h; path = AppDelegate.h; sourceTree = "<group>"; };
		4A56A6C71CFBC965003B39DA /* AppDelegate.m */ = {isa = PBXFileReference; lastKnownFileType = sourcecode.c.objc; path = AppDelegate.m; sourceTree = "<group>"; };
		4A56A6C91CFBC965003B39DA /* ViewController.h */ = {isa = PBXFileReference; lastKnownFileType = sourcecode.c.h; path = ViewController.h; sourceTree = "<group>"; };
		4A56A6CA1CFBC965003B39DA /* ViewController.m */ = {isa = PBXFileReference; lastKnownFileType = sourcecode.c.objc; path = ViewController.m; sourceTree = "<group>"; };
		4A56A6CD1CFBC965003B39DA /* Base */ = {isa = PBXFileReference; lastKnownFileType = file.storyboard; name = Base; path = Base.lproj/Main.storyboard; sourceTree = "<group>"; };
		4A56A6CF1CFBC965003B39DA /* Assets.xcassets */ = {isa = PBXFileReference; lastKnownFileType = folder.assetcatalog; path = Assets.xcassets; sourceTree = "<group>"; };
		4A56A6D21CFBC965003B39DA /* Base */ = {isa = PBXFileReference; lastKnownFileType = file.storyboard; name = Base; path = Base.lproj/LaunchScreen.storyboard; sourceTree = "<group>"; };
		4A56A6D41CFBC965003B39DA /* Info.plist */ = {isa = PBXFileReference; lastKnownFileType = text.plist.xml; path = Info.plist; sourceTree = "<group>"; };
/* End PBXFileReference section */

/* Begin PBXFrameworksBuildPhase section */
		4A56A6BD1CFBC965003B39DA /* Frameworks */ = {
			isa = PBXFrameworksBuildPhase;
			buildActionMask = 2147483647;
			files = (
			);
			runOnlyForDeploymentPostprocessing = 0;
		};
/* End PBXFrameworksBuildPhase section */

/* Begin PBXGroup section */
		4A56A6B71CFBC965003B39DA = {
			isa = PBXGroup;
			children = (
				4A56A6C21CFBC965003B39DA /* GitHub */,
				4A56A6C11CFBC965003B39DA /* Products */,
			);
			sourceTree = "<group>";
		};
		4A56A6C11CFBC965003B39DA /* Products */ = {
			isa = PBXGroup;
			children = (
				4A56A6C01CFBC965003B39DA /* GitHub.app */,
			);
			name = Products;
			sourceTree = "<group>";
		};
		4A56A6C21CFBC965003B39DA /* GitHub */ = {
			isa = PBXGroup;
			children = (
				4A56A6C61CFBC965003B39DA /* AppDelegate.h */,
				4A56A6C71CFBC965003B39DA /* AppDelegate.m */,
				4A56A6C91CFBC965003B39DA /* ViewController.h */,
				4A56A6CA1CFBC965003B39DA /* ViewController.m */,
				4A56A6CC1CFBC965003B39DA /* Main.storyboard */,
				4A56A6CF1CFBC965003B39DA /* Assets.xcassets */,
				4A56A6D11CFBC965003B39DA /* LaunchScreen.storyboard */,
				4A56A6D41CFBC965003B39DA /* Info.plist */,
				4A56A6C31CFBC965003B39DA /* Supporting Files */,
			);
			path = GitHub;
			sourceTree = "<group>";
		};
		4A56A6C31CFBC965003B39DA /* Supporting Files */ = {
			isa = PBXGroup;
			children = (
				4A56A6C41CFBC965003B39DA /* main.m */,
			);
			name = "Supporting Files";
			sourceTree = "<group>";
		};
/* End PBXGroup section */

/* Begin PBXNativeTarget section */
		4A56A6BF1CFBC965003B39DA /* GitHub */ = {
			isa = PBXNativeTarget;
			buildConfigurationList = 4A56A6D71CFBC965003B39DA /* Build configuration list for PBXNativeTarget "GitHub" */;
			buildPhases = (
				4A56A6BC1CFBC965003B39DA /* Sources */,
				4A56A6BD1CFBC965003B39DA /* Frameworks */,
				4A56A6BE1CFBC965003B39DA /* Resources */,
			);
			buildRules = (
			);
			dependencies = (
			);
			name = GitHub;
			productName = GitHub;
			productReference = 4A56A6C01CFBC965003B39DA /* GitHub.app */;
			productType = "com.apple.product-type.application";
		};
/* End PBXNativeTarget section */

/* Begin PBXProject section */
		4A56A6B81CFBC965003B39DA /* Project object */ = {
			isa = PBXProject;
			attributes = {
				LastUpgradeCheck = 0730;
				ORGANIZATIONNAME = "你国哥";
				TargetAttributes = {
					4A56A6BF1CFBC965003B39DA = {
						CreatedOnToolsVersion = 7.3.1;
					};
				};
			};
			buildConfigurationList = 4A56A6BB1CFBC965003B39DA /* Build configuration list for PBXProject "GitHub" */;
			compatibilityVersion = "Xcode 3.2";
			developmentRegion = English;
			hasScannedForEncodings = 0;
			knownRegions = (
				en,
				Base,
			);
			mainGroup = 4A56A6B71CFBC965003B39DA;
			productRefGroup = 4A56A6C11CFBC965003B39DA /* Products */;
			projectDirPath = "";
			projectRoot = "";
			targets = (
				4A56A6BF1CFBC965003B39DA /* GitHub */,
			);
		};
/* End PBXProject section */

/* Begin PBXResourcesBuildPhase section */
		4A56A6BE1CFBC965003B39DA /* Resources */ = {
			isa = PBXResourcesBuildPhase;
			buildActionMask = 2147483647;
			files = (
				4A56A6D31CFBC965003B39DA /* LaunchScreen.storyboard in Resources */,
				4A56A6D01CFBC965003B39DA /* Assets.xcassets in Resources */,
				4A56A6CE1CFBC965003B39DA /* Main.storyboard in Resources */,
			);
			runOnlyForDeploymentPostprocessing = 0;
		};
/* End PBXResourcesBuildPhase section */

/* Begin PBXSourcesBuildPhase section */
		4A56A6BC1CFBC965003B39DA /* Sources */ = {
			isa = PBXSourcesBuildPhase;
			buildActionMask = 2147483647;
			files = (
				4A56A6CB1CFBC965003B39DA /* ViewController.m in Sources */,
				4A56A6C81CFBC965003B39DA /* AppDelegate.m in Sources */,
				4A56A6C51CFBC965003B39DA /* main.m in Sources */,
			);
			runOnlyForDeploymentPostprocessing = 0;
		};
/* End PBXSourcesBuildPhase section */

/* Begin PBXVariantGroup section */
		4A56A6CC1CFBC965003B39DA /* Main.storyboard */ = {
			isa = PBXVariantGroup;
			children = (
				4A56A6CD1CFBC965003B39DA /* Base */,
			);
			name = Main.storyboard;
			sourceTree = "<group>";
		};
		4A56A6D11CFBC965003B39DA /* LaunchScreen.storyboard */ = {
			isa = PBXVariantGroup;
			children = (
				4A56A6D21CFBC965003B39DA /* Base */,
			);
			name = LaunchScreen.storyboard;
			sourceTree = "<group>";
		};
/* End PBXVariantGroup section */

/* Begin XCBuildConfiguration section */
		4A56A6D51CFBC965003B39DA /* Debug */ = {
			isa = XCBuildConfiguration;
			buildSettings = {
				ALWAYS_SEARCH_USER_PATHS = NO;
				CLANG_ANALYZER_NONNULL = YES;
				CLANG_CXX_LANGUAGE_STANDARD = "gnu++0x";
				CLANG_CXX_LIBRARY = "libc++";
				CLANG_ENABLE_MODULES = YES;
				CLANG_ENABLE_OBJC_ARC = YES;
				CLANG_WARN_BOOL_CONVERSION = YES;
				CLANG_WARN_CONSTANT_CONVERSION = YES;
				CLANG_WARN_DIRECT_OBJC_ISA_USAGE = YES_ERROR;
				CLANG_WARN_EMPTY_BODY = YES;
				CLANG_WARN_ENUM_CONVERSION = YES;
				CLANG_WARN_INT_CONVERSION = YES;
				CLANG_WARN_OBJC_ROOT_CLASS = YES_ERROR;
				CLANG_WARN_UNREACHABLE_CODE = YES;
				CLANG_WARN__DUPLICATE_METHOD_MATCH = YES;
				"CODE_SIGN_IDENTITY[sdk=iphoneos*]" = "iPhone Developer";
				COPY_PHASE_STRIP = NO;
				DEBUG_INFORMATION_FORMAT = dwarf;
				ENABLE_STRICT_OBJC_MSGSEND = YES;
				ENABLE_TESTABILITY = YES;
				GCC_C_LANGUAGE_STANDARD = gnu99;
				GCC_DYNAMIC_NO_PIC = NO;
				GCC_NO_COMMON_BLOCKS = YES;
				GCC_OPTIMIZATION_LEVEL = 0;
				GCC_PREPROCESSOR_DEFINITIONS = (
					"DEBUG=1",
					"$(inherited)",
				);
				GCC_WARN_64_TO_32_BIT_CONVERSION = YES;
				GCC_WARN_ABOUT_RETURN_TYPE = YES_ERROR;
				GCC_WARN_UNDECLARED_SELECTOR = YES;
				GCC_WARN_UNINITIALIZED_AUTOS = YES_AGGRESSIVE;
				GCC_WARN_UNUSED_FUNCTION = YES;
				GCC_WARN_UNUSED_VARIABLE = YES;
				IPHONEOS_DEPLOYMENT_TARGET = 9.3;
				MTL_ENABLE_DEBUG_INFO = YES;
				ONLY_ACTIVE_ARCH = YES;
				SDKROOT = iphoneos;
				TARGETED_DEVICE_FAMILY = "1,2";
			};
			name = Debug;
		};
		4A56A6D61CFBC965003B39DA /* Release */ = {
			isa = XCBuildConfiguration;
			buildSettings = {
				ALWAYS_SEARCH_USER_PATHS = NO;
				CLANG_ANALYZER_NONNULL = YES;
				CLANG_CXX_LANGUAGE_STANDARD = "gnu++0x";
				CLANG_CXX_LIBRARY = "libc++";
				CLANG_ENABLE_MODULES = YES;
				CLANG_ENABLE_OBJC_ARC = YES;
				CLANG_WARN_BOOL_CONVERSION = YES;
				CLANG_WARN_CONSTANT_CONVERSION = YES;
				CLANG_WARN_DIRECT_OBJC_ISA_USAGE = YES_ERROR;
				CLANG_WARN_EMPTY_BODY = YES;
				CLANG_WARN_ENUM_CONVERSION = YES;
				CLANG_WARN_INT_CONVERSION = YES;
				CLANG_WARN_OBJC_ROOT_CLASS = YES_ERROR;
				CLANG_WARN_UNREACHABLE_CODE = YES;
				CLANG_WARN__DUPLICATE_METHOD_MATCH = YES;
				"CODE_SIGN_IDENTITY[sdk=iphoneos*]" = "iPhone Developer";
				COPY_PHASE_STRIP = NO;
				DEBUG_INFORMATION_FORMAT = "dwarf-with-dsym";
				ENABLE_NS_ASSERTIONS = NO;
				ENABLE_STRICT_OBJC_MSGSEND = YES;
				GCC_C_LANGUAGE_STANDARD = gnu99;
				GCC_NO_COMMON_BLOCKS = YES;
				GCC_WARN_64_TO_32_BIT_CONVERSION = YES;
				GCC_WARN_ABOUT_RETURN_TYPE = YES_ERROR;
				GCC_WARN_UNDECLARED_SELECTOR = YES;
				GCC_WARN_UNINITIALIZED_AUTOS = YES_AGGRESSIVE;
				GCC_WARN_UNUSED_FUNCTION = YES;
				GCC_WARN_UNUSED_VARIABLE = YES;
				IPHONEOS_DEPLOYMENT_TARGET = 9.3;
				MTL_ENABLE_DEBUG_INFO = NO;
				SDKROOT = iphoneos;
				TARGETED_DEVICE_FAMILY = "1,2";
				VALIDATE_PRODUCT = YES;
			};
			name = Release;
		};
		4A56A6D81CFBC965003B39DA /* Debug */ = {
			isa = XCBuildConfiguration;
			buildSettings = {
				ASSETCATALOG_COMPILER_APPICON_NAME = AppIcon;
				INFOPLIST_FILE = GitHub/Info.plist;
				LD_RUNPATH_SEARCH_PATHS = "$(inherited) @executable_path/Frameworks";
				PRODUCT_BUNDLE_IDENTIFIER = moc.udiab.GitHub;
				PRODUCT_NAME = "$(TARGET_NAME)";
			};
			name = Debug;
		};
		4A56A6D91CFBC965003B39DA /* Release */ = {
			isa = XCBuildConfiguration;
			buildSettings = {
				ASSETCATALOG_COMPILER_APPICON_NAME = AppIcon;
				INFOPLIST_FILE = GitHub/Info.plist;
				LD_RUNPATH_SEARCH_PATHS = "$(inherited) @executable_path/Frameworks";
				PRODUCT_BUNDLE_IDENTIFIER = moc.udiab.GitHub;
				PRODUCT_NAME = "$(TARGET_NAME)";
			};
			name = Release;
		};
/* End XCBuildConfiguration section */

/* Begin XCConfigurationList section */
		4A56A6BB1CFBC965003B39DA /* Build configuration list for PBXProject "GitHub" */ = {
			isa = XCConfigurationList;
			buildConfigurations = (
				4A56A6D51CFBC965003B39DA /* Debug */,
				4A56A6D61CFBC965003B39DA /* Release */,
			);
			defaultConfigurationIsVisible = 0;
			defaultConfigurationName = Release;
		};
		4A56A6D71CFBC965003B39DA /* Build configuration list for PBXNativeTarget "GitHub" */ = {
			isa = XCConfigurationList;
			buildConfigurations = (
				4A56A6D81CFBC965003B39DA /* Debug */,
				4A56A6D91CFBC965003B39DA /* Release */,
			);
			defaultConfigurationIsVisible = 0;
		};
/* End XCConfigurationList section */
	};
	rootObject = 4A56A6B81CFBC965003B39DA /* Project object */;
}
